
Microsoft Visual Studio Solution File, Format Version 12.00
# Visual Studio 15
Project("{FAE04EC0-301F-11D3-BF4B-00C04F79EFBC}") = "Assembly-CSharp", "Assembly-CSharp.csproj", "{C8F4A039-91E5-9E81-3AFD-83192FF2389E}"
EndProject
Global
	GlobalSection(SolutionConfigurationPlatforms) = preSolution
		Debug|Any CPU = Debug|Any CPU
		Release|Any CPU = Release|Any CPU
	EndGlobalSection
	GlobalSection(ProjectConfigurationPlatforms) = postSolution
		{C8F4A039-91E5-9E81-3AFD-83192FF2389E}.Debug|Any CPU.ActiveCfg = Debug|Any CPU
		{C8F4A039-91E5-9E81-3AFD-83192FF2389E}.Debug|Any CPU.Build.0 = Debug|Any CPU
		{C8F4A039-91E5-9E81-3AFD-83192FF2389E}.Release|Any CPU.ActiveCfg = Release|Any CPU
		{C8F4A039-91E5-9E81-3AFD-83192FF2389E}.Release|Any CPU.Build.0 = Release|Any CPU
	EndGlobalSection
	GlobalSection(SolutionProperties) = preSolution
		HideSolutionNode = FALSE
	EndGlobalSection
EndGlobal
